{
  "name": "java-example-lucene",
  "lockfileVersion": 3,
  "requires": true,
  "packages": {
    "": {
      "name": "java-example-lucene",
      "dependencies": {
        "find-root": "^1.1.0",
        "java": "file:../.."
      },
      "devDependencies": {
        "@types/find-root": "^1.1.4",
        "typescript": "^5.8.3"
      }
    },
    "../..": {
      "name": "java",
      "version": "0.16.0",
      "hasInstallScript": true,
      "license": "MIT",
      "dependencies": {
        "find-java-home": "^2.0.0",
        "glob": "^11.0.2",
        "nan": "^2.22.2",
        "node-gyp": "^11.2.0"
      },
      "devDependencies": {
        "@eslint/js": "^9.27.0",
        "@types/find-root": "^1.1.4",
        "@types/node": "^22.15.21",
        "chalk": "^4.1.2",
        "eslint": "^9.27.0",
        "find-root": "^1.1.0",
        "globals": "^16.2.0",
        "prettier": "^3.5.3",
        "typescript": "^5.8.3",
        "typescript-eslint": "^8.32.1",
        "vitest": "^3.1.4"
      },
      "engines": {
        "node": ">=8.0.0"
      }
    },
    "node_modules/@types/find-root": {
      "version": "1.1.4",
      "resolved": "https://registry.npmjs.org/@types/find-root/-/find-root-1.1.4.tgz",
      "integrity": "sha512-2EXK/+gVhVgtt4JqThbEncORvpYJKzi9tQGmI3EkU2jTgMzQsrPm/hbd5xe5uPdeFzIW5gh2PRvvPjaUsI8vpg==",
      "dev": true,
      "license": "MIT"
    },
    "node_modules/find-root": {
      "version": "1.1.0",
      "resolved": "https://registry.npmjs.org/find-root/-/find-root-1.1.0.tgz",
      "integrity": "sha512-NKfW6bec6GfKc0SGx1e07QZY9PE99u0Bft/0rzSD5k3sO/vwkVUpDUKVm5Gpp5Ue3YfShPFTX2070tDs5kB9Ng==",
      "license": "MIT"
    },
    "node_modules/java": {
      "resolved": "../..",
      "link": true
    },
    "node_modules/typescript": {
      "version": "5.8.3",
      "resolved": "https://registry.npmjs.org/typescript/-/typescript-5.8.3.tgz",
      "integrity": "sha512-p1diW6TqL9L07nNxvRMM7hMMw4c5XOo/1ibL4aAIGmSAt9slTE1Xgw5KWuof2uTOvCg9BY7ZRi+GaF+7sfgPeQ==",
      "dev": true,
      "license": "Apache-2.0",
      "bin": {
        "tsc": "bin/tsc",
        "tsserver": "bin/tsserver"
      },
      "engines": {
        "node": ">=14.17"
      }
    }
  }
}
